// !$*UTF8*$!
{
	archiveVersion = 1;
	classes = {
	};
	objectVersion = 56;
	objects = {

/* Begin PBXBuildFile section */
		1FC602A129EADB8D003C2F0C /* AppDelegate.swift in Sources */ = {isa = PBXBuildFile; fileRef = 1FC602A029EADB8D003C2F0C /* AppDelegate.swift */; };
		1FC602A329EADB8D003C2F0C /* SceneDelegate.swift in Sources */ = {isa = PBXBuildFile; fileRef = 1FC602A229EADB8D003C2F0C /* SceneDelegate.swift */; };
		1FC602A529EADB8D003C2F0C /* ViewController.swift in Sources */ = {isa = PBXBuildFile; fileRef = 1FC602A429EADB8D003C2F0C /* ViewController.swift */; };
		1FC602A829EADB8D003C2F0C /* Main.storyboard in Resources */ = {isa = PBXBuildFile; fileRef = 1FC602A629EADB8D003C2F0C /* Main.storyboard */; };
		1FC602AA29EADB8E003C2F0C /* Assets.xcassets in Resources */ = {isa = PBXBuildFile; fileRef = 1FC602A929EADB8E003C2F0C /* Assets.xcassets */; };
		1FC602AD29EADB8E003C2F0C /* LaunchScreen.storyboard in Resources */ = {isa = PBXBuildFile; fileRef = 1FC602AB29EADB8E003C2F0C /* LaunchScreen.storyboard */; };
		1FC602B829EADB8E003C2F0C /* calendarTests.swift in Sources */ = {isa = PBXBuildFile; fileRef = 1FC602B729EADB8E003C2F0C /* calendarTests.swift */; };
		1FC602C229EADB8E003C2F0C /* calendarUITests.swift in Sources */ = {isa = PBXBuildFile; fileRef = 1FC602C129EADB8E003C2F0C /* calendarUITests.swift */; };
		1FC602C429EADB8E003C2F0C /* calendarUITestsLaunchTests.swift in Sources */ = {isa = PBXBuildFile; fileRef = 1FC602C329EADB8E003C2F0C /* calendarUITestsLaunchTests.swift */; };
/* End PBXBuildFile section */

/* Begin PBXContainerItemProxy section */
		1FC602B429EADB8E003C2F0C /* PBXContainerItemProxy */ = {
			isa = PBXContainerItemProxy;
			containerPortal = 1FC6029529EADB8D003C2F0C /* Project object */;
			proxyType = 1;
			remoteGlobalIDString = 1FC6029C29EADB8D003C2F0C;
			remoteInfo = calendar;
		};
		1FC602BE29EADB8E003C2F0C /* PBXContainerItemProxy */ = {
			isa = PBXContainerItemProxy;
			containerPortal = 1FC6029529EADB8D003C2F0C /* Project object */;
			proxyType = 1;
			remoteGlobalIDString = 1FC6029C29EADB8D003C2F0C;
			remoteInfo = calendar;
		};
/* End PBXContainerItemProxy section */

/* Begin PBXFileReference section */
		1FC6029D29EADB8D003C2F0C /* calendar.app */ = {isa = PBXFileReference; explicitFileType = wrapper.application; includeInIndex = 0; path = calendar.app; sourceTree = BUILT_PRODUCTS_DIR; };
		1FC602A029EADB8D003C2F0C /* AppDelegate.swift */ = {isa = PBXFileReference; lastKnownFileType = sourcecode.swift; path = AppDelegate.swift; sourceTree = "<group>"; };
		1FC602A229EADB8D003C2F0C /* SceneDelegate.swift */ = {isa = PBXFileReference; lastKnownFileType = sourcecode.swift; path = SceneDelegate.swift; sourceTree = "<group>"; };
		1FC602A429EADB8D003C2F0C /* ViewController.swift */ = {isa = PBXFileReference; lastKnownFileType = sourcecode.swift; path = ViewController.swift; sourceTree = "<group>"; };
		1FC602A729EADB8D003C2F0C /* Base */ = {isa = PBXFileReference; lastKnownFileType = file.storyboard; name = Base; path = Base.lproj/Main.storyboard; sourceTree = "<group>"; };
		1FC602A929EADB8E003C2F0C /* Assets.xcassets */ = {isa = PBXFileReference; lastKnownFileType = folder.assetcatalog; path = Assets.xcassets; sourceTree = "<group>"; };
		1FC602AC29EADB8E003C2F0C /* Base */ = {isa = PBXFileReference; lastKnownFileType = file.storyboard; name = Base; path = Base.lproj/LaunchScreen.storyboard; sourceTree = "<group>"; };
		1FC602AE29EADB8E003C2F0C /* Info.plist */ = {isa = PBXFileReference; lastKnownFileType = text.plist.xml; path = Info.plist; sourceTree = "<group>"; };
		1FC602B329EADB8E003C2F0C /* calendarTests.xctest */ = {isa = PBXFileReference; explicitFileType = wrapper.cfbundle; includeInIndex = 0; path = calendarTests.xctest; sourceTree = BUILT_PRODUCTS_DIR; };
		1FC602B729EADB8E003C2F0C /* calendarTests.swift */ = {isa = PBXFileReference; lastKnownFileType = sourcecode.swift; path = calendarTests.swift; sourceTree = "<group>"; };
		1FC602BD29EADB8E003C2F0C /* calendarUITests.xctest */ = {isa = PBXFileReference; explicitFileType = wrapper.cfbundle; includeInIndex = 0; path = calendarUITests.xctest; sourceTree = BUILT_PRODUCTS_DIR; };
		1FC602C129EADB8E003C2F0C /* calendarUITests.swift */ = {isa = PBXFileReference; lastKnownFileType = sourcecode.swift; path = calendarUITests.swift; sourceTree = "<group>"; };
		1FC602C329EADB8E003C2F0C /* calendarUITestsLaunchTests.swift */ = {isa = PBXFileReference; lastKnownFileType = sourcecode.swift; path = calendarUITestsLaunchTests.swift; sourceTree = "<group>"; };
/* End PBXFileReference section */

/* Begin PBXFrameworksBuildPhase section */
		1FC6029A29EADB8D003C2F0C /* Frameworks */ = {
			isa = PBXFrameworksBuildPhase;
			buildActionMask = 2147483647;
			files = (
			);
			runOnlyForDeploymentPostprocessing = 0;
		};
		1FC602B029EADB8E003C2F0C /* Frameworks */ = {
			isa = PBXFrameworksBuildPhase;
			buildActionMask = 2147483647;
			files = (
			);
			runOnlyForDeploymentPostprocessing = 0;
		};
		1FC602BA29EADB8E003C2F0C /* Frameworks */ = {
			isa = PBXFrameworksBuildPhase;
			buildActionMask = 2147483647;
			files = (
			);
			runOnlyForDeploymentPostprocessing = 0;
		};
/* End PBXFrameworksBuildPhase section */

/* Begin PBXGroup section */
		1FC6029429EADB8D003C2F0C = {
			isa = PBXGroup;
			children = (
				1FC6029F29EADB8D003C2F0C /* calendar */,
				1FC602B629EADB8E003C2F0C /* calendarTests */,
				1FC602C029EADB8E003C2F0C /* calendarUITests */,
				1FC6029E29EADB8D003C2F0C /* Products */,
			);
			sourceTree = "<group>";
		};
		1FC6029E29EADB8D003C2F0C /* Products */ = {
			isa = PBXGroup;
			children = (
				1FC6029D29EADB8D003C2F0C /* calendar.app */,
				1FC602B329EADB8E003C2F0C /* calendarTests.xctest */,
				1FC602BD29EADB8E003C2F0C /* calendarUITests.xctest */,
			);
			name = Products;
			sourceTree = "<group>";
		};
		1FC6029F29EADB8D003C2F0C /* calendar */ = {
			isa = PBXGroup;
			children = (
				1FC602A029EADB8D003C2F0C /* AppDelegate.swift */,
				1FC602A229EADB8D003C2F0C /* SceneDelegate.swift */,
				1FC602A429EADB8D003C2F0C /* ViewController.swift */,
				1FC602A629EADB8D003C2F0C /* Main.storyboard */,
				1FC602A929EADB8E003C2F0C /* Assets.xcassets */,
				1FC602AB29EADB8E003C2F0C /* LaunchScreen.storyboard */,
				1FC602AE29EADB8E003C2F0C /* Info.plist */,
			);
			path = calendar;
			sourceTree = "<group>";
		};
		1FC602B629EADB8E003C2F0C /* calendarTests */ = {
			isa = PBXGroup;
			children = (
				1FC602B729EADB8E003C2F0C /* calendarTests.swift */,
			);
			path = calendarTests;
			sourceTree = "<group>";
		};
		1FC602C029EADB8E003C2F0C /* calendarUITests */ = {
			isa = PBXGroup;
			children = (
				1FC602C129EADB8E003C2F0C /* calendarUITests.swift */,
				1FC602C329EADB8E003C2F0C /* calendarUITestsLaunchTests.swift */,
			);
			path = calendarUITests;
			sourceTree = "<group>";
		};
/* End PBXGroup section */

/* Begin PBXNativeTarget section */
		1FC6029C29EADB8D003C2F0C /* calendar */ = {
			isa = PBXNativeTarget;
			buildConfigurationList = 1FC602C729EADB8E003C2F0C /* Build configuration list for PBXNativeTarget "calendar" */;
			buildPhases = (
				1FC6029929EADB8D003C2F0C /* Sources */,
				1FC6029A29EADB8D003C2F0C /* Frameworks */,
				1FC6029B29EADB8D003C2F0C /* Resources */,
			);
			buildRules = (
			);
			dependencies = (
			);
			name = calendar;
			productName = calendar;
			productReference = 1FC6029D29EADB8D003C2F0C /* calendar.app */;
			productType = "com.apple.product-type.application";
		};
		1FC602B229EADB8E003C2F0C /* calendarTests */ = {
			isa = PBXNativeTarget;
			buildConfigurationList = 1FC602CA29EADB8E003C2F0C /* Build configuration list for PBXNativeTarget "calendarTests" */;
			buildPhases = (
				1FC602AF29EADB8E003C2F0C /* Sources */,
				1FC602B029EADB8E003C2F0C /* Frameworks */,
				1FC602B129EADB8E003C2F0C /* Resources */,
			);
			buildRules = (
			);
			dependencies = (
				1FC602B529EADB8E003C2F0C /* PBXTargetDependency */,
			);
			name = calendarTests;
			productName = calendarTests;
			productReference = 1FC602B329EADB8E003C2F0C /* calendarTests.xctest */;
			productType = "com.apple.product-type.bundle.unit-test";
		};
		1FC602BC29EADB8E003C2F0C /* calendarUITests */ = {
			isa = PBXNativeTarget;
			buildConfigurationList = 1FC602CD29EADB8E003C2F0C /* Build configuration list for PBXNativeTarget "calendarUITests" */;
			buildPhases = (
				1FC602B929EADB8E003C2F0C /* Sources */,
				1FC602BA29EADB8E003C2F0C /* Frameworks */,
				1FC602BB29EADB8E003C2F0C /* Resources */,
			);
			buildRules = (
			);
			dependencies = (
				1FC602BF29EADB8E003C2F0C /* PBXTargetDependency */,
			);
			name = calendarUITests;
			productName = calendarUITests;
			productReference = 1FC602BD29EADB8E003C2F0C /* calendarUITests.xctest */;
			productType = "com.apple.product-type.bundle.ui-testing";
		};
/* End PBXNativeTarget section */

/* Begin PBXProject section */
		1FC6029529EADB8D003C2F0C /* Project object */ = {
			isa = PBXProject;
			attributes = {
				BuildIndependentTargetsInParallel = 1;
				LastSwiftUpdateCheck = 1420;
				LastUpgradeCheck = 1420;
				TargetAttributes = {
					1FC6029C29EADB8D003C2F0C = {
						CreatedOnToolsVersion = 14.2;
					};
					1FC602B229EADB8E003C2F0C = {
						CreatedOnToolsVersion = 14.2;
						TestTargetID = 1FC6029C29EADB8D003C2F0C;
					};
					1FC602BC29EADB8E003C2F0C = {
						CreatedOnToolsVersion = 14.2;
						TestTargetID = 1FC6029C29EADB8D003C2F0C;
					};
				};
			};
			buildConfigurationList = 1FC6029829EADB8D003C2F0C /* Build configuration list for PBXProject "calendar" */;
			compatibilityVersion = "Xcode 14.0";
			developmentRegion = en;
			hasScannedForEncodings = 0;
			knownRegions = (
				en,
				Base,
			);
			mainGroup = 1FC6029429EADB8D003C2F0C;
			productRefGroup = 1FC6029E29EADB8D003C2F0C /* Products */;
			projectDirPath = "";
			projectRoot = "";
			targets = (
				1FC6029C29EADB8D003C2F0C /* calendar */,
				1FC602B229EADB8E003C2F0C /* calendarTests */,
				1FC602BC29EADB8E003C2F0C /* calendarUITests */,
			);
		};
/* End PBXProject section */

/* Begin PBXResourcesBuildPhase section */
		1FC6029B29EADB8D003C2F0C /* Resources */ = {
			isa = PBXResourcesBuildPhase;
			buildActionMask = 2147483647;
			files = (
				1FC602AD29EADB8E003C2F0C /* LaunchScreen.storyboard in Resources */,
				1FC602AA29EADB8E003C2F0C /* Assets.xcassets in Resources */,
				1FC602A829EADB8D003C2F0C /* Main.storyboard in Resources */,
			);
			runOnlyForDeploymentPostprocessing = 0;
		};
		1FC602B129EADB8E003C2F0C /* Resources */ = {
			isa = PBXResourcesBuildPhase;
			buildActionMask = 2147483647;
			files = (
			);
			runOnlyForDeploymentPostprocessing = 0;
		};
		1FC602BB29EADB8E003C2F0C /* Resources */ = {
			isa = PBXResourcesBuildPhase;
			buildActionMask = 2147483647;
			files = (
			);
			runOnlyForDeploymentPostprocessing = 0;
		};
/* End PBXResourcesBuildPhase section */

/* Begin PBXSourcesBuildPhase section */
		1FC6029929EADB8D003C2F0C /* Sources */ = {
			isa = PBXSourcesBuildPhase;
			buildActionMask = 2147483647;
			files = (
				1FC602A529EADB8D003C2F0C /* ViewController.swift in Sources */,
				1FC602A129EADB8D003C2F0C /* AppDelegate.swift in Sources */,
				1FC602A329EADB8D003C2F0C /* SceneDelegate.swift in Sources */,
			);
			runOnlyForDeploymentPostprocessing = 0;
		};
		1FC602AF29EADB8E003C2F0C /* Sources */ = {
			isa = PBXSourcesBuildPhase;
			buildActionMask = 2147483647;
			files = (
				1FC602B829EADB8E003C2F0C /* calendarTests.swift in Sources */,
			);
			runOnlyForDeploymentPostprocessing = 0;
		};
		1FC602B929EADB8E003C2F0C /* Sources */ = {
			isa = PBXSourcesBuildPhase;
			buildActionMask = 2147483647;
			files = (
				1FC602C429EADB8E003C2F0C /* calendarUITestsLaunchTests.swift in Sources */,
				1FC602C229EADB8E003C2F0C /* calendarUITests.swift in Sources */,
			);
			runOnlyForDeploymentPostprocessing = 0;
		};
/* End PBXSourcesBuildPhase section */

/* Begin PBXTargetDependency section */
		1FC602B529EADB8E003C2F0C /* PBXTargetDependency */ = {
			isa = PBXTargetDependency;
			target = 1FC6029C29EADB8D003C2F0C /* calendar */;
			targetProxy = 1FC602B429EADB8E003C2F0C /* PBXContainerItemProxy */;
		};
		1FC602BF29EADB8E003C2F0C /* PBXTargetDependency */ = {
			isa = PBXTargetDependency;
			target = 1FC6029C29EADB8D003C2F0C /* calendar */;
			targetProxy = 1FC602BE29EADB8E003C2F0C /* PBXContainerItemProxy */;
		};
/* End PBXTargetDependency section */

/* Begin PBXVariantGroup section */
		1FC602A629EADB8D003C2F0C /* Main.storyboard */ = {
			isa = PBXVariantGroup;
			children = (
				1FC602A729EADB8D003C2F0C /* Base */,
			);
			name = Main.storyboard;
			sourceTree = "<group>";
		};
		1FC602AB29EADB8E003C2F0C /* LaunchScreen.storyboard */ = {
			isa = PBXVariantGroup;
			children = (
				1FC602AC29EADB8E003C2F0C /* Base */,
			);
			name = LaunchScreen.storyboard;
			sourceTree = "<group>";
		};
/* End PBXVariantGroup section */

/* Begin XCBuildConfiguration section */
		1FC602C529EADB8E003C2F0C /* Debug */ = {
			isa = XCBuildConfiguration;
			buildSettings = {
				ALWAYS_SEARCH_USER_PATHS = NO;
				CLANG_ANALYZER_NONNULL = YES;
				CLANG_ANALYZER_NUMBER_OBJECT_CONVERSION = YES_AGGRESSIVE;
				CLANG_CXX_LANGUAGE_STANDARD = "gnu++20";
				CLANG_ENABLE_MODULES = YES;
				CLANG_ENABLE_OBJC_ARC = YES;
				CLANG_ENABLE_OBJC_WEAK = YES;
				CLANG_WARN_BLOCK_CAPTURE_AUTORELEASING = YES;
				CLANG_WARN_BOOL_CONVERSION = YES;
				CLANG_WARN_COMMA = YES;
				CLANG_WARN_CONSTANT_CONVERSION = YES;
				CLANG_WARN_DEPRECATED_OBJC_IMPLEMENTATIONS = YES;
				CLANG_WARN_DIRECT_OBJC_ISA_USAGE = YES_ERROR;
				CLANG_WARN_DOCUMENTATION_COMMENTS = YES;
				CLANG_WARN_EMPTY_BODY = YES;
				CLANG_WARN_ENUM_CONVERSION = YES;
				CLANG_WARN_INFINITE_RECURSION = YES;
				CLANG_WARN_INT_CONVERSION = YES;
				CLANG_WARN_NON_LITERAL_NULL_CONVERSION = YES;
				CLANG_WARN_OBJC_IMPLICIT_RETAIN_SELF = YES;
				CLANG_WARN_OBJC_LITERAL_CONVERSION = YES;
				CLANG_WARN_OBJC_ROOT_CLASS = YES_ERROR;
				CLANG_WARN_QUOTED_INCLUDE_IN_FRAMEWORK_HEADER = YES;
				CLANG_WARN_RANGE_LOOP_ANALYSIS = YES;
				CLANG_WARN_STRICT_PROTOTYPES = YES;
				CLANG_WARN_SUSPICIOUS_MOVE = YES;
				CLANG_WARN_UNGUARDED_AVAILABILITY = YES_AGGRESSIVE;
				CLANG_WARN_UNREACHABLE_CODE = YES;
				CLANG_WARN__DUPLICATE_METHOD_MATCH = YES;
				COPY_PHASE_STRIP = NO;
				DEBUG_INFORMATION_FORMAT = dwarf;
				ENABLE_STRICT_OBJC_MSGSEND = YES;
				ENABLE_TESTABILITY = YES;
				GCC_C_LANGUAGE_STANDARD = gnu11;
				GCC_DYNAMIC_NO_PIC = NO;
				GCC_NO_COMMON_BLOCKS = YES;
				GCC_OPTIMIZATION_LEVEL = 0;
				GCC_PREPROCESSOR_DEFINITIONS = (
					"DEBUG=1",
					"$(inherited)",
				);
				GCC_WARN_64_TO_32_BIT_CONVERSION = YES;
				GCC_WARN_ABOUT_RETURN_TYPE = YES_ERROR;
				GCC_WARN_UNDECLARED_SELECTOR = YES;
				GCC_WARN_UNINITIALIZED_AUTOS = YES_AGGRESSIVE;
				GCC_WARN_UNUSED_FUNCTION = YES;
				GCC_WARN_UNUSED_VARIABLE = YES;
				IPHONEOS_DEPLOYMENT_TARGET = 16.2;
				MTL_ENABLE_DEBUG_INFO = INCLUDE_SOURCE;
				MTL_FAST_MATH = YES;
				ONLY_ACTIVE_ARCH = YES;
				SDKROOT = iphoneos;
				SWIFT_ACTIVE_COMPILATION_CONDITIONS = DEBUG;
				SWIFT_OPTIMIZATION_LEVEL = "-Onone";
			};
			name = Debug;
		};
		1FC602C629EADB8E003C2F0C /* Release */ = {
			isa = XCBuildConfiguration;
			buildSettings = {
				ALWAYS_SEARCH_USER_PATHS = NO;
				CLANG_ANALYZER_NONNULL = YES;
				CLANG_ANALYZER_NUMBER_OBJECT_CONVERSION = YES_AGGRESSIVE;
				CLANG_CXX_LANGUAGE_STANDARD = "gnu++20";
				CLANG_ENABLE_MODULES = YES;
				CLANG_ENABLE_OBJC_ARC = YES;
				CLANG_ENABLE_OBJC_WEAK = YES;
				CLANG_WARN_BLOCK_CAPTURE_AUTORELEASING = YES;
				CLANG_WARN_BOOL_CONVERSION = YES;
				CLANG_WARN_COMMA = YES;
				CLANG_WARN_CONSTANT_CONVERSION = YES;
				CLANG_WARN_DEPRECATED_OBJC_IMPLEMENTATIONS = YES;
				CLANG_WARN_DIRECT_OBJC_ISA_USAGE = YES_ERROR;
				CLANG_WARN_DOCUMENTATION_COMMENTS = YES;
				CLANG_WARN_EMPTY_BODY = YES;
				CLANG_WARN_ENUM_CONVERSION = YES;
				CLANG_WARN_INFINITE_RECURSION = YES;
				CLANG_WARN_INT_CONVERSION = YES;
				CLANG_WARN_NON_LITERAL_NULL_CONVERSION = YES;
				CLANG_WARN_OBJC_IMPLICIT_RETAIN_SELF = YES;
				CLANG_WARN_OBJC_LITERAL_CONVERSION = YES;
				CLANG_WARN_OBJC_ROOT_CLASS = YES_ERROR;
				CLANG_WARN_QUOTED_INCLUDE_IN_FRAMEWORK_HEADER = YES;
				CLANG_WARN_RANGE_LOOP_ANALYSIS = YES;
				CLANG_WARN_STRICT_PROTOTYPES = YES;
				CLANG_WARN_SUSPICIOUS_MOVE = YES;
				CLANG_WARN_UNGUARDED_AVAILABILITY = YES_AGGRESSIVE;
				CLANG_WARN_UNREACHABLE_CODE = YES;
				CLANG_WARN__DUPLICATE_METHOD_MATCH = YES;
				COPY_PHASE_STRIP = NO;
				DEBUG_INFORMATION_FORMAT = "dwarf-with-dsym";
				ENABLE_NS_ASSERTIONS = NO;
				ENABLE_STRICT_OBJC_MSGSEND = YES;
				GCC_C_LANGUAGE_STANDARD = gnu11;
				GCC_NO_COMMON_BLOCKS = YES;
				GCC_WARN_64_TO_32_BIT_CONVERSION = YES;
				GCC_WARN_ABOUT_RETURN_TYPE = YES_ERROR;
				GCC_WARN_UNDECLARED_SELECTOR = YES;
				GCC_WARN_UNINITIALIZED_AUTOS = YES_AGGRESSIVE;
				GCC_WARN_UNUSED_FUNCTION = YES;
				GCC_WARN_UNUSED_VARIABLE = YES;
				IPHONEOS_DEPLOYMENT_TARGET = 16.2;
				MTL_ENABLE_DEBUG_INFO = NO;
				MTL_FAST_MATH = YES;
				SDKROOT = iphoneos;
				SWIFT_COMPILATION_MODE = wholemodule;
				SWIFT_OPTIMIZATION_LEVEL = "-O";
				VALIDATE_PRODUCT = YES;
			};
			name = Release;
		};
		1FC602C829EADB8E003C2F0C /* Debug */ = {
			isa = XCBuildConfiguration;
			buildSettings = {
				ASSETCATALOG_COMPILER_APPICON_NAME = AppIcon;
				ASSETCATALOG_COMPILER_GLOBAL_ACCENT_COLOR_NAME = AccentColor;
				CODE_SIGN_STYLE = Automatic;
				CURRENT_PROJECT_VERSION = 1;
				DEVELOPMENT_TEAM = QSU92QZVC6;
				GENERATE_INFOPLIST_FILE = YES;
				INFOPLIST_FILE = calendar/Info.plist;
				INFOPLIST_KEY_UIApplicationSupportsIndirectInputEvents = YES;
				INFOPLIST_KEY_UILaunchStoryboardName = LaunchScreen;
				INFOPLIST_KEY_UIMainStoryboardFile = Main;
				INFOPLIST_KEY_UISupportedInterfaceOrientations_iPad = "UIInterfaceOrientationPortrait UIInterfaceOrientationPortraitUpsideDown UIInterfaceOrientationLandscapeLeft UIInterfaceOrientationLandscapeRight";
				INFOPLIST_KEY_UISupportedInterfaceOrientations_iPhone = "UIInterfaceOrientationPortrait UIInterfaceOrientationLandscapeLeft UIInterfaceOrientationLandscapeRight";
				LD_RUNPATH_SEARCH_PATHS = (
					"$(inherited)",
					"@executable_path/Frameworks",
				);
				MARKETING_VERSION = 1.0;
				PRODUCT_BUNDLE_IDENTIFIER = com.diana.calendar;
				PRODUCT_NAME = "$(TARGET_NAME)";
				SWIFT_EMIT_LOC_STRINGS = YES;
				SWIFT_VERSION = 5.0;
				TARGETED_DEVICE_FAMILY = "1,2";
			};
			name = Debug;
		};
		1FC602C929EADB8E003C2F0C /* Release */ = {
			isa = XCBuildConfiguration;
			buildSettings = {
				ASSETCATALOG_COMPILER_APPICON_NAME = AppIcon;
				ASSETCATALOG_COMPILER_GLOBAL_ACCENT_COLOR_NAME = AccentColor;
				CODE_SIGN_STYLE = Automatic;
				CURRENT_PROJECT_VERSION = 1;
				DEVELOPMENT_TEAM = QSU92QZVC6;
				GENERATE_INFOPLIST_FILE = YES;
				INFOPLIST_FILE = calendar/Info.plist;
				INFOPLIST_KEY_UIApplicationSupportsIndirectInputEvents = YES;
				INFOPLIST_KEY_UILaunchStoryboardName = LaunchScreen;
				INFOPLIST_KEY_UIMainStoryboardFile = Main;
				INFOPLIST_KEY_UISupportedInterfaceOrientations_iPad = "UIInterfaceOrientationPortrait UIInterfaceOrientationPortraitUpsideDown UIInterfaceOrientationLandscapeLeft UIInterfaceOrientationLandscapeRight";
				INFOPLIST_KEY_UISupportedInterfaceOrientations_iPhone = "UIInterfaceOrientationPortrait UIInterfaceOrientationLandscapeLeft UIInterfaceOrientationLandscapeRight";
				LD_RUNPATH_SEARCH_PATHS = (
					"$(inherited)",
					"@executable_path/Frameworks",
				);
				MARKETING_VERSION = 1.0;
				PRODUCT_BUNDLE_IDENTIFIER = com.diana.calendar;
				PRODUCT_NAME = "$(TARGET_NAME)";
				SWIFT_EMIT_LOC_STRINGS = YES;
				SWIFT_VERSION = 5.0;
				TARGETED_DEVICE_FAMILY = "1,2";
			};
			name = Release;
		};
		1FC602CB29EADB8E003C2F0C /* Debug */ = {
			isa = XCBuildConfiguration;
			buildSettings = {
				ALWAYS_EMBED_SWIFT_STANDARD_LIBRARIES = YES;
				BUNDLE_LOADER = "$(TEST_HOST)";
				CODE_SIGN_STYLE = Automatic;
				CURRENT_PROJECT_VERSION = 1;
				DEVELOPMENT_TEAM = QSU92QZVC6;
				GENERATE_INFOPLIST_FILE = YES;
				IPHONEOS_DEPLOYMENT_TARGET = 16.2;
				MARKETING_VERSION = 1.0;
				PRODUCT_BUNDLE_IDENTIFIER = com.diana.calendarTests;
				PRODUCT_NAME = "$(TARGET_NAME)";
				SWIFT_EMIT_LOC_STRINGS = NO;
				SWIFT_VERSION = 5.0;
				TARGETED_DEVICE_FAMILY = "1,2";
				TEST_HOST = "$(BUILT_PRODUCTS_DIR)/calendar.app/$(BUNDLE_EXECUTABLE_FOLDER_PATH)/calendar";
			};
			name = Debug;
		};
		1FC602CC29EADB8E003C2F0C /* Release */ = {
			isa = XCBuildConfiguration;
			buildSettings = {
				ALWAYS_EMBED_SWIFT_STANDARD_LIBRARIES = YES;
				BUNDLE_LOADER = "$(TEST_HOST)";
				CODE_SIGN_STYLE = Automatic;
				CURRENT_PROJECT_VERSION = 1;
				DEVELOPMENT_TEAM = QSU92QZVC6;
				GENERATE_INFOPLIST_FILE = YES;
				IPHONEOS_DEPLOYMENT_TARGET = 16.2;
				MARKETING_VERSION = 1.0;
				PRODUCT_BUNDLE_IDENTIFIER = com.diana.calendarTests;
				PRODUCT_NAME = "$(TARGET_NAME)";
				SWIFT_EMIT_LOC_STRINGS = NO;
				SWIFT_VERSION = 5.0;
				TARGETED_DEVICE_FAMILY = "1,2";
				TEST_HOST = "$(BUILT_PRODUCTS_DIR)/calendar.app/$(BUNDLE_EXECUTABLE_FOLDER_PATH)/calendar";
			};
			name = Release;
		};
		1FC602CE29EADB8E003C2F0C /* Debug */ = {
			isa = XCBuildConfiguration;
			buildSettings = {
				ALWAYS_EMBED_SWIFT_STANDARD_LIBRARIES = YES;
				CODE_SIGN_STYLE = Automatic;
				CURRENT_PROJECT_VERSION = 1;
				DEVELOPMENT_TEAM = QSU92QZVC6;
				GENERATE_INFOPLIST_FILE = YES;
				MARKETING_VERSION = 1.0;
				PRODUCT_BUNDLE_IDENTIFIER = com.diana.calendarUITests;
				PRODUCT_NAME = "$(TARGET_NAME)";
				SWIFT_EMIT_LOC_STRINGS = NO;
				SWIFT_VERSION = 5.0;
				TARGETED_DEVICE_FAMILY = "1,2";
				TEST_TARGET_NAME = calendar;
			};
			name = Debug;
		};
		1FC602CF29EADB8E003C2F0C /* Release */ = {
			isa = XCBuildConfiguration;
			buildSettings = {
				ALWAYS_EMBED_SWIFT_STANDARD_LIBRARIES = YES;
				CODE_SIGN_STYLE = Automatic;
				CURRENT_PROJECT_VERSION = 1;
				DEVELOPMENT_TEAM = QSU92QZVC6;
				GENERATE_INFOPLIST_FILE = YES;
				MARKETING_VERSION = 1.0;
				PRODUCT_BUNDLE_IDENTIFIER = com.diana.calendarUITests;
				PRODUCT_NAME = "$(TARGET_NAME)";
				SWIFT_EMIT_LOC_STRINGS = NO;
				SWIFT_VERSION = 5.0;
				TARGETED_DEVICE_FAMILY = "1,2";
				TEST_TARGET_NAME = calendar;
			};
			name = Release;
		};
/* End XCBuildConfiguration section */

/* Begin XCConfigurationList section */
		1FC6029829EADB8D003C2F0C /* Build configuration list for PBXProject "calendar" */ = {
			isa = XCConfigurationList;
			buildConfigurations = (
				1FC602C529EADB8E003C2F0C /* Debug */,
				1FC602C629EADB8E003C2F0C /* Release */,
			);
			defaultConfigurationIsVisible = 0;
			defaultConfigurationName = Release;
		};
		1FC602C729EADB8E003C2F0C /* Build configuration list for PBXNativeTarget "calendar" */ = {
			isa = XCConfigurationList;
			buildConfigurations = (
				1FC602C829EADB8E003C2F0C /* Debug */,
				1FC602C929EADB8E003C2F0C /* Release */,
			);
			defaultConfigurationIsVisible = 0;
			defaultConfigurationName = Release;
		};
		1FC602CA29EADB8E003C2F0C /* Build configuration list for PBXNativeTarget "calendarTests" */ = {
			isa = XCConfigurationList;
			buildConfigurations = (
				1FC602CB29EADB8E003C2F0C /* Debug */,
				1FC602CC29EADB8E003C2F0C /* Release */,
			);
			defaultConfigurationIsVisible = 0;
			defaultConfigurationName = Release;
		};
		1FC602CD29EADB8E003C2F0C /* Build configuration list for PBXNativeTarget "calendarUITests" */ = {
			isa = XCConfigurationList;
			buildConfigurations = (
				1FC602CE29EADB8E003C2F0C /* Debug */,
				1FC602CF29EADB8E003C2F0C /* Release */,
			);
			defaultConfigurationIsVisible = 0;
			defaultConfigurationName = Release;
		};
/* End XCConfigurationList section */
	};
	rootObject = 1FC6029529EADB8D003C2F0C /* Project object */;
}
